{
  "name": "storage",
  "version": "1.0.0",
  "lockfileVersion": 1,
  "requires": true,
  "dependencies": {
    "ejs": {
      "version": "2.6.1",
      "resolved": "https://registry.npmjs.org/ejs/-/ejs-2.6.1.tgz",
      "integrity": "sha512-0xy4A/twfrRCnkhfk8ErDi5DqdAsAqeGxht4xkCUrsvhhbQNs7E+4jV0CN7+NKIY0aHE72+XvqtBIXzD31ZbXQ=="
    },
    "event_request": {
      "version": "1.8.7",
      "resolved": "https://registry.npmjs.org/event_request/-/event_request-1.8.7.tgz",
      "integrity": "sha512-xMoTIeOvNfhjwOMwsE6Y8vv2eoCVTE7F/4i4o1Tl3rj8hDY3xNcJSjJB4tHYH9fwV+doAB0JVvYO+XVLCWq4LA=="
    }
  }
}
