{
  "name": "storage",
  "version": "1.0.0",
  "lockfileVersion": 1,
  "requires": true,
  "dependencies": {
    "event_request": {
      "version": "1.8.2",
      "resolved": "https://registry.npmjs.org/event_request/-/event_request-1.8.2.tgz",
      "integrity": "sha512-uZ28O+ndsY0Xe7q21dU57tEQ29q1n/reFTqUcJD/MdQ/R/achRgtQSfBiY4S34EJ6rQxJK31LAcx2Bl2Y9MquA=="
    }
  }
}
