{
  "name": "storage",
  "version": "1.0.0",
  "lockfileVersion": 1,
  "requires": true,
  "dependencies": {
    "event_request": {
      "version": "1.5.8",
      "resolved": "https://registry.npmjs.org/event_request/-/event_request-1.5.8.tgz",
      "integrity": "sha512-mywnF33CTdx6NJO8tyokmnnmCkhIiOIqVCIfSm7abpzyJEFrLdz6v65jSSXc8zxUE1GdIsRO0wYShlRB6aBa4g=="
    }
  }
}
